Microsoft Visual Studio Solution File, Format Version 12.00
Project("{FAE04EC0-301F-11D3-BF4B-00C04F79EFBC}") = "DarkveinTracker", "DarkveinTracker\DarkveinTracker.csproj", "{72ED391F-FFBC-418D-BBE3-4E2E9B13516C}"
EndProject
Global
	GlobalSection(SolutionConfigurationPlatforms) = preSolution
		Debug|Any CPU = Debug|Any CPU
		Release|Any CPU = Release|Any CPU
	EndGlobalSection
	GlobalSection(ProjectConfigurationPlatforms) = postSolution
		{72ED391F-FFBC-418D-BBE3-4E2E9B13516C}.Debug|Any CPU.ActiveCfg = Debug|Any CPU
		{72ED391F-FFBC-418D-BBE3-4E2E9B13516C}.Debug|Any CPU.Build.0 = Debug|Any CPU
		{72ED391F-FFBC-418D-BBE3-4E2E9B13516C}.Release|Any CPU.ActiveCfg = Release|Any CPU
		{72ED391F-FFBC-418D-BBE3-4E2E9B13516C}.Release|Any CPU.Build.0 = Release|Any CPU
	EndGlobalSection
EndGlobal
